
Microsoft Visual Studio Solution File, Format Version 12.00
# Visual Studio 15
Project("{FAE04EC0-301F-11D3-BF4B-00C04F79EFBC}") = "Assembly-CSharp", "Assembly-CSharp.csproj", "{4C9BF4DE-43EF-E377-B1E0-9E5F01273C46}"
EndProject
Project("{FAE04EC0-301F-11D3-BF4B-00C04F79EFBC}") = "Assembly-CSharp-Editor", "Assembly-CSharp-Editor.csproj", "{C74295C5-B67B-2AAB-F3A9-B17FFB7EA11C}"
EndProject
Global
	GlobalSection(SolutionConfigurationPlatforms) = preSolution
		Debug|Any CPU = Debug|Any CPU
		Release|Any CPU = Release|Any CPU
	EndGlobalSection
	GlobalSection(ProjectConfigurationPlatforms) = postSolution
		{4C9BF4DE-43EF-E377-B1E0-9E5F01273C46}.Debug|Any CPU.ActiveCfg = Debug|Any CPU
		{4C9BF4DE-43EF-E377-B1E0-9E5F01273C46}.Debug|Any CPU.Build.0 = Debug|Any CPU
		{4C9BF4DE-43EF-E377-B1E0-9E5F01273C46}.Release|Any CPU.ActiveCfg = Release|Any CPU
		{4C9BF4DE-43EF-E377-B1E0-9E5F01273C46}.Release|Any CPU.Build.0 = Release|Any CPU
		{C74295C5-B67B-2AAB-F3A9-B17FFB7EA11C}.Debug|Any CPU.ActiveCfg = Debug|Any CPU
		{C74295C5-B67B-2AAB-F3A9-B17FFB7EA11C}.Debug|Any CPU.Build.0 = Debug|Any CPU
		{C74295C5-B67B-2AAB-F3A9-B17FFB7EA11C}.Release|Any CPU.ActiveCfg = Release|Any CPU
		{C74295C5-B67B-2AAB-F3A9-B17FFB7EA11C}.Release|Any CPU.Build.0 = Release|Any CPU
	EndGlobalSection
	GlobalSection(SolutionProperties) = preSolution
		HideSolutionNode = FALSE
	EndGlobalSection
EndGlobal
